
Microsoft Visual Studio Solution File, Format Version 12.00
# Visual Studio Version 17
VisualStudioVersion = 17.8.34330.188
MinimumVisualStudioVersion = 10.0.40219.1
Project("{FAE04EC0-301F-11D3-BF4B-00C04F79EFBC}") = "HomeWork1", "HomeWork1\HomeWork1.csproj", "{CAD66B73-C5CC-4091-A115-F153E1AAFE32}"
EndProject
Global
	GlobalSection(SolutionConfigurationPlatforms) = preSolution
		Debug|Any CPU = Debug|Any CPU
		Release|Any CPU = Release|Any CPU
	EndGlobalSection
	GlobalSection(ProjectConfigurationPlatforms) = postSolution
		{CAD66B73-C5CC-4091-A115-F153E1AAFE32}.Debug|Any CPU.ActiveCfg = Debug|Any CPU
		{CAD66B73-C5CC-4091-A115-F153E1AAFE32}.Debug|Any CPU.Build.0 = Debug|Any CPU
		{CAD66B73-C5CC-4091-A115-F153E1AAFE32}.Release|Any CPU.ActiveCfg = Release|Any CPU
		{CAD66B73-C5CC-4091-A115-F153E1AAFE32}.Release|Any CPU.Build.0 = Release|Any CPU
	EndGlobalSection
	GlobalSection(SolutionProperties) = preSolution
		HideSolutionNode = FALSE
	EndGlobalSection
	GlobalSection(ExtensibilityGlobals) = postSolution
		SolutionGuid = {352B829E-92FE-4FC0-BA89-0355B2295E5F}
	EndGlobalSection
EndGlobal
